// !$*UTF8*$!
{
	archiveVersion = 1;
	classes = {
	};
	objectVersion = 50;
	objects = {

/* Begin PBXBuildFile section */
		EE5C0B3A25646BB600122049 /* LandmarkRow.swift in Sources */ = {isa = PBXBuildFile; fileRef = EE5C0B3925646BB600122049 /* LandmarkRow.swift */; };
		EE5C0B3C256472B200122049 /* LandmarkList.swift in Sources */ = {isa = PBXBuildFile; fileRef = EE5C0B3B256472B200122049 /* LandmarkList.swift */; };
		EE5FE4642564570100A543EF /* lakemcdonald.jpg in Resources */ = {isa = PBXBuildFile; fileRef = EE5FE457256456FF00A543EF /* lakemcdonald.jpg */; };
		EE5FE4652564570100A543EF /* icybay.jpg in Resources */ = {isa = PBXBuildFile; fileRef = EE5FE4582564570000A543EF /* icybay.jpg */; };
		EE5FE4662564570100A543EF /* umbagog.jpg in Resources */ = {isa = PBXBuildFile; fileRef = EE5FE4592564570000A543EF /* umbagog.jpg */; };
		EE5FE4672564570100A543EF /* twinlake.jpg in Resources */ = {isa = PBXBuildFile; fileRef = EE5FE45A2564570000A543EF /* twinlake.jpg */; };
		EE5FE4682564570100A543EF /* turtlerock.jpg in Resources */ = {isa = PBXBuildFile; fileRef = EE5FE45B2564570000A543EF /* turtlerock.jpg */; };
		EE5FE4692564570100A543EF /* yukon_charleyrivers.jpg in Resources */ = {isa = PBXBuildFile; fileRef = EE5FE45C2564570000A543EF /* yukon_charleyrivers.jpg */; };
		EE5FE46A2564570100A543EF /* rainbowlake.jpg in Resources */ = {isa = PBXBuildFile; fileRef = EE5FE45D2564570000A543EF /* rainbowlake.jpg */; };
		EE5FE46C2564570100A543EF /* hiddenlake.jpg in Resources */ = {isa = PBXBuildFile; fileRef = EE5FE45F2564570000A543EF /* hiddenlake.jpg */; };
		EE5FE46D2564570100A543EF /* chincoteague.jpg in Resources */ = {isa = PBXBuildFile; fileRef = EE5FE4602564570100A543EF /* chincoteague.jpg */; };
		EE5FE46E2564570100A543EF /* stmarylake.jpg in Resources */ = {isa = PBXBuildFile; fileRef = EE5FE4612564570100A543EF /* stmarylake.jpg */; };
		EE5FE46F2564570100A543EF /* silversalmoncreek.jpg in Resources */ = {isa = PBXBuildFile; fileRef = EE5FE4622564570100A543EF /* silversalmoncreek.jpg */; };
		EE5FE4702564570100A543EF /* chilkoottrail.jpg in Resources */ = {isa = PBXBuildFile; fileRef = EE5FE4632564570100A543EF /* chilkoottrail.jpg */; };
		EE5FE4732564578200A543EF /* LandMarkData.swift in Sources */ = {isa = PBXBuildFile; fileRef = EE5FE4722564578200A543EF /* LandMarkData.swift */; };
		EE5FE475256457C700A543EF /* Landmark.swift in Sources */ = {isa = PBXBuildFile; fileRef = EE5FE474256457C700A543EF /* Landmark.swift */; };
		EE6515F825644CD800013F86 /* AppDelegate.swift in Sources */ = {isa = PBXBuildFile; fileRef = EE6515F725644CD800013F86 /* AppDelegate.swift */; };
		EE6515FA25644CD800013F86 /* SceneDelegate.swift in Sources */ = {isa = PBXBuildFile; fileRef = EE6515F925644CD800013F86 /* SceneDelegate.swift */; };
		EE6515FC25644CD800013F86 /* LandmarkDetail.swift in Sources */ = {isa = PBXBuildFile; fileRef = EE6515FB25644CD800013F86 /* LandmarkDetail.swift */; };
		EE6515FE25644CDA00013F86 /* Assets.xcassets in Resources */ = {isa = PBXBuildFile; fileRef = EE6515FD25644CDA00013F86 /* Assets.xcassets */; };
		EE65160125644CDA00013F86 /* Preview Assets.xcassets in Resources */ = {isa = PBXBuildFile; fileRef = EE65160025644CDA00013F86 /* Preview Assets.xcassets */; };
		EE65160425644CDA00013F86 /* LaunchScreen.storyboard in Resources */ = {isa = PBXBuildFile; fileRef = EE65160225644CDA00013F86 /* LaunchScreen.storyboard */; };
		EE65160C25644DBB00013F86 /* CircleImage.swift in Sources */ = {isa = PBXBuildFile; fileRef = EE65160B25644DBB00013F86 /* CircleImage.swift */; };
		EE65160E25644DE300013F86 /* MapView.swift in Sources */ = {isa = PBXBuildFile; fileRef = EE65160D25644DE300013F86 /* MapView.swift */; };
		EEC2508F2565B5C600DA4676 /* landmarkData.json in Resources */ = {isa = PBXBuildFile; fileRef = EEC2508E2565B5C600DA4676 /* landmarkData.json */; };
		EEC250912565B67800DA4676 /* charleyrivers.jpg in Resources */ = {isa = PBXBuildFile; fileRef = EEC250902565B67800DA4676 /* charleyrivers.jpg */; };
/* End PBXBuildFile section */

/* Begin PBXFileReference section */
		EE5C0B3925646BB600122049 /* LandmarkRow.swift */ = {isa = PBXFileReference; lastKnownFileType = sourcecode.swift; path = LandmarkRow.swift; sourceTree = "<group>"; };
		EE5C0B3B256472B200122049 /* LandmarkList.swift */ = {isa = PBXFileReference; lastKnownFileType = sourcecode.swift; path = LandmarkList.swift; sourceTree = "<group>"; };
		EE5FE457256456FF00A543EF /* lakemcdonald.jpg */ = {isa = PBXFileReference; lastKnownFileType = image.jpeg; path = lakemcdonald.jpg; sourceTree = "<group>"; };
		EE5FE4582564570000A543EF /* icybay.jpg */ = {isa = PBXFileReference; lastKnownFileType = image.jpeg; path = icybay.jpg; sourceTree = "<group>"; };
		EE5FE4592564570000A543EF /* umbagog.jpg */ = {isa = PBXFileReference; lastKnownFileType = image.jpeg; path = umbagog.jpg; sourceTree = "<group>"; };
		EE5FE45A2564570000A543EF /* twinlake.jpg */ = {isa = PBXFileReference; lastKnownFileType = image.jpeg; path = twinlake.jpg; sourceTree = "<group>"; };
		EE5FE45B2564570000A543EF /* turtlerock.jpg */ = {isa = PBXFileReference; lastKnownFileType = image.jpeg; path = turtlerock.jpg; sourceTree = "<group>"; };
		EE5FE45C2564570000A543EF /* yukon_charleyrivers.jpg */ = {isa = PBXFileReference; lastKnownFileType = image.jpeg; path = yukon_charleyrivers.jpg; sourceTree = "<group>"; };
		EE5FE45D2564570000A543EF /* rainbowlake.jpg */ = {isa = PBXFileReference; lastKnownFileType = image.jpeg; path = rainbowlake.jpg; sourceTree = "<group>"; };
		EE5FE45F2564570000A543EF /* hiddenlake.jpg */ = {isa = PBXFileReference; lastKnownFileType = image.jpeg; path = hiddenlake.jpg; sourceTree = "<group>"; };
		EE5FE4602564570100A543EF /* chincoteague.jpg */ = {isa = PBXFileReference; lastKnownFileType = image.jpeg; path = chincoteague.jpg; sourceTree = "<group>"; };
		EE5FE4612564570100A543EF /* stmarylake.jpg */ = {isa = PBXFileReference; lastKnownFileType = image.jpeg; path = stmarylake.jpg; sourceTree = "<group>"; };
		EE5FE4622564570100A543EF /* silversalmoncreek.jpg */ = {isa = PBXFileReference; lastKnownFileType = image.jpeg; path = silversalmoncreek.jpg; sourceTree = "<group>"; };
		EE5FE4632564570100A543EF /* chilkoottrail.jpg */ = {isa = PBXFileReference; lastKnownFileType = image.jpeg; path = chilkoottrail.jpg; sourceTree = "<group>"; };
		EE5FE4722564578200A543EF /* LandMarkData.swift */ = {isa = PBXFileReference; lastKnownFileType = sourcecode.swift; path = LandMarkData.swift; sourceTree = "<group>"; };
		EE5FE474256457C700A543EF /* Landmark.swift */ = {isa = PBXFileReference; lastKnownFileType = sourcecode.swift; path = Landmark.swift; sourceTree = "<group>"; };
		EE6515F425644CD800013F86 /* LandmarksTwo.app */ = {isa = PBXFileReference; explicitFileType = wrapper.application; includeInIndex = 0; path = LandmarksTwo.app; sourceTree = BUILT_PRODUCTS_DIR; };
		EE6515F725644CD800013F86 /* AppDelegate.swift */ = {isa = PBXFileReference; lastKnownFileType = sourcecode.swift; path = AppDelegate.swift; sourceTree = "<group>"; };
		EE6515F925644CD800013F86 /* SceneDelegate.swift */ = {isa = PBXFileReference; lastKnownFileType = sourcecode.swift; path = SceneDelegate.swift; sourceTree = "<group>"; };
		EE6515FB25644CD800013F86 /* LandmarkDetail.swift */ = {isa = PBXFileReference; lastKnownFileType = sourcecode.swift; path = LandmarkDetail.swift; sourceTree = "<group>"; };
		EE6515FD25644CDA00013F86 /* Assets.xcassets */ = {isa = PBXFileReference; lastKnownFileType = folder.assetcatalog; path = Assets.xcassets; sourceTree = "<group>"; };
		EE65160025644CDA00013F86 /* Preview Assets.xcassets */ = {isa = PBXFileReference; lastKnownFileType = folder.assetcatalog; path = "Preview Assets.xcassets"; sourceTree = "<group>"; };
		EE65160325644CDA00013F86 /* Base */ = {isa = PBXFileReference; lastKnownFileType = file.storyboard; name = Base; path = Base.lproj/LaunchScreen.storyboard; sourceTree = "<group>"; };
		EE65160525644CDA00013F86 /* Info.plist */ = {isa = PBXFileReference; lastKnownFileType = text.plist.xml; path = Info.plist; sourceTree = "<group>"; };
		EE65160B25644DBB00013F86 /* CircleImage.swift */ = {isa = PBXFileReference; lastKnownFileType = sourcecode.swift; path = CircleImage.swift; sourceTree = "<group>"; };
		EE65160D25644DE300013F86 /* MapView.swift */ = {isa = PBXFileReference; lastKnownFileType = sourcecode.swift; path = MapView.swift; sourceTree = "<group>"; };
		EEC2508E2565B5C600DA4676 /* landmarkData.json */ = {isa = PBXFileReference; fileEncoding = 4; lastKnownFileType = text.json; name = landmarkData.json; path = ../../../../Downloads/HandlingUserInput/StartingPoint/Landmarks/Landmarks/Resources/landmarkData.json; sourceTree = "<group>"; };
		EEC250902565B67800DA4676 /* charleyrivers.jpg */ = {isa = PBXFileReference; lastKnownFileType = image.jpeg; path = charleyrivers.jpg; sourceTree = "<group>"; };
/* End PBXFileReference section */

/* Begin PBXFrameworksBuildPhase section */
		EE6515F125644CD800013F86 /* Frameworks */ = {
			isa = PBXFrameworksBuildPhase;
			buildActionMask = 2147483647;
			files = (
			);
			runOnlyForDeploymentPostprocessing = 0;
		};
/* End PBXFrameworksBuildPhase section */

/* Begin PBXGroup section */
		EE5FE4712564571200A543EF /* Sources */ = {
			isa = PBXGroup;
			children = (
				EEC2508E2565B5C600DA4676 /* landmarkData.json */,
				EE5FE4602564570100A543EF /* chincoteague.jpg */,
				EE5FE4632564570100A543EF /* chilkoottrail.jpg */,
				EEC250902565B67800DA4676 /* charleyrivers.jpg */,
				EE5FE45F2564570000A543EF /* hiddenlake.jpg */,
				EE5FE4582564570000A543EF /* icybay.jpg */,
				EE5FE457256456FF00A543EF /* lakemcdonald.jpg */,
				EE5FE45D2564570000A543EF /* rainbowlake.jpg */,
				EE5FE4622564570100A543EF /* silversalmoncreek.jpg */,
				EE5FE4612564570100A543EF /* stmarylake.jpg */,
				EE5FE45B2564570000A543EF /* turtlerock.jpg */,
				EE5FE45A2564570000A543EF /* twinlake.jpg */,
				EE5FE4592564570000A543EF /* umbagog.jpg */,
				EE5FE45C2564570000A543EF /* yukon_charleyrivers.jpg */,
			);
			path = Sources;
			sourceTree = "<group>";
		};
		EE6515EB25644CD800013F86 = {
			isa = PBXGroup;
			children = (
				EE6515F625644CD800013F86 /* LandmarksTwo */,
				EE6515F525644CD800013F86 /* Products */,
			);
			sourceTree = "<group>";
		};
		EE6515F525644CD800013F86 /* Products */ = {
			isa = PBXGroup;
			children = (
				EE6515F425644CD800013F86 /* LandmarksTwo.app */,
			);
			name = Products;
			sourceTree = "<group>";
		};
		EE6515F625644CD800013F86 /* LandmarksTwo */ = {
			isa = PBXGroup;
			children = (
				EE5FE4712564571200A543EF /* Sources */,
				EE6515F725644CD800013F86 /* AppDelegate.swift */,
				EE6515F925644CD800013F86 /* SceneDelegate.swift */,
				EE5FE4722564578200A543EF /* LandMarkData.swift */,
				EE5FE474256457C700A543EF /* Landmark.swift */,
				EE6515FB25644CD800013F86 /* LandmarkDetail.swift */,
				EE5C0B3925646BB600122049 /* LandmarkRow.swift */,
				EE5C0B3B256472B200122049 /* LandmarkList.swift */,
				EE65160D25644DE300013F86 /* MapView.swift */,
				EE65160B25644DBB00013F86 /* CircleImage.swift */,
				EE6515FD25644CDA00013F86 /* Assets.xcassets */,
				EE65160225644CDA00013F86 /* LaunchScreen.storyboard */,
				EE65160525644CDA00013F86 /* Info.plist */,
				EE6515FF25644CDA00013F86 /* Preview Content */,
			);
			path = LandmarksTwo;
			sourceTree = "<group>";
		};
		EE6515FF25644CDA00013F86 /* Preview Content */ = {
			isa = PBXGroup;
			children = (
				EE65160025644CDA00013F86 /* Preview Assets.xcassets */,
			);
			path = "Preview Content";
			sourceTree = "<group>";
		};
/* End PBXGroup section */

/* Begin PBXNativeTarget section */
		EE6515F325644CD800013F86 /* LandmarksTwo */ = {
			isa = PBXNativeTarget;
			buildConfigurationList = EE65160825644CDA00013F86 /* Build configuration list for PBXNativeTarget "LandmarksTwo" */;
			buildPhases = (
				EE6515F025644CD800013F86 /* Sources */,
				EE6515F125644CD800013F86 /* Frameworks */,
				EE6515F225644CD800013F86 /* Resources */,
			);
			buildRules = (
			);
			dependencies = (
			);
			name = LandmarksTwo;
			productName = LandmarksTwo;
			productReference = EE6515F425644CD800013F86 /* LandmarksTwo.app */;
			productType = "com.apple.product-type.application";
		};
/* End PBXNativeTarget section */

/* Begin PBXProject section */
		EE6515EC25644CD800013F86 /* Project object */ = {
			isa = PBXProject;
			attributes = {
				LastSwiftUpdateCheck = 1160;
				LastUpgradeCheck = 1160;
				ORGANIZATIONNAME = "Алим Куприянов";
				TargetAttributes = {
					EE6515F325644CD800013F86 = {
						CreatedOnToolsVersion = 11.6;
					};
				};
			};
			buildConfigurationList = EE6515EF25644CD800013F86 /* Build configuration list for PBXProject "LandmarksTwo" */;
			compatibilityVersion = "Xcode 9.3";
			developmentRegion = en;
			hasScannedForEncodings = 0;
			knownRegions = (
				en,
				Base,
			);
			mainGroup = EE6515EB25644CD800013F86;
			productRefGroup = EE6515F525644CD800013F86 /* Products */;
			projectDirPath = "";
			projectRoot = "";
			targets = (
				EE6515F325644CD800013F86 /* LandmarksTwo */,
			);
		};
/* End PBXProject section */

/* Begin PBXResourcesBuildPhase section */
		EE6515F225644CD800013F86 /* Resources */ = {
			isa = PBXResourcesBuildPhase;
			buildActionMask = 2147483647;
			files = (
				EE5FE46A2564570100A543EF /* rainbowlake.jpg in Resources */,
				EE5FE46C2564570100A543EF /* hiddenlake.jpg in Resources */,
				EE5FE4642564570100A543EF /* lakemcdonald.jpg in Resources */,
				EEC2508F2565B5C600DA4676 /* landmarkData.json in Resources */,
				EE5FE4682564570100A543EF /* turtlerock.jpg in Resources */,
				EE5FE4672564570100A543EF /* twinlake.jpg in Resources */,
				EE5FE46E2564570100A543EF /* stmarylake.jpg in Resources */,
				EEC250912565B67800DA4676 /* charleyrivers.jpg in Resources */,
				EE5FE4692564570100A543EF /* yukon_charleyrivers.jpg in Resources */,
				EE5FE4662564570100A543EF /* umbagog.jpg in Resources */,
				EE65160425644CDA00013F86 /* LaunchScreen.storyboard in Resources */,
				EE5FE4702564570100A543EF /* chilkoottrail.jpg in Resources */,
				EE5FE46D2564570100A543EF /* chincoteague.jpg in Resources */,
				EE65160125644CDA00013F86 /* Preview Assets.xcassets in Resources */,
				EE5FE46F2564570100A543EF /* silversalmoncreek.jpg in Resources */,
				EE5FE4652564570100A543EF /* icybay.jpg in Resources */,
				EE6515FE25644CDA00013F86 /* Assets.xcassets in Resources */,
			);
			runOnlyForDeploymentPostprocessing = 0;
		};
/* End PBXResourcesBuildPhase section */

/* Begin PBXSourcesBuildPhase section */
		EE6515F025644CD800013F86 /* Sources */ = {
			isa = PBXSourcesBuildPhase;
			buildActionMask = 2147483647;
			files = (
				EE5FE475256457C700A543EF /* Landmark.swift in Sources */,
				EE6515F825644CD800013F86 /* AppDelegate.swift in Sources */,
				EE5FE4732564578200A543EF /* LandMarkData.swift in Sources */,
				EE65160C25644DBB00013F86 /* CircleImage.swift in Sources */,
				EE5C0B3C256472B200122049 /* LandmarkList.swift in Sources */,
				EE65160E25644DE300013F86 /* MapView.swift in Sources */,
				EE6515FA25644CD800013F86 /* SceneDelegate.swift in Sources */,
				EE5C0B3A25646BB600122049 /* LandmarkRow.swift in Sources */,
				EE6515FC25644CD800013F86 /* LandmarkDetail.swift in Sources */,
			);
			runOnlyForDeploymentPostprocessing = 0;
		};
/* End PBXSourcesBuildPhase section */

/* Begin PBXVariantGroup section */
		EE65160225644CDA00013F86 /* LaunchScreen.storyboard */ = {
			isa = PBXVariantGroup;
			children = (
				EE65160325644CDA00013F86 /* Base */,
			);
			name = LaunchScreen.storyboard;
			sourceTree = "<group>";
		};
/* End PBXVariantGroup section */

/* Begin XCBuildConfiguration section */
		EE65160625644CDA00013F86 /* Debug */ = {
			isa = XCBuildConfiguration;
			buildSettings = {
				ALWAYS_SEARCH_USER_PATHS = NO;
				CLANG_ANALYZER_NONNULL = YES;
				CLANG_ANALYZER_NUMBER_OBJECT_CONVERSION = YES_AGGRESSIVE;
				CLANG_CXX_LANGUAGE_STANDARD = "gnu++14";
				CLANG_CXX_LIBRARY = "libc++";
				CLANG_ENABLE_MODULES = YES;
				CLANG_ENABLE_OBJC_ARC = YES;
				CLANG_ENABLE_OBJC_WEAK = YES;
				CLANG_WARN_BLOCK_CAPTURE_AUTORELEASING = YES;
				CLANG_WARN_BOOL_CONVERSION = YES;
				CLANG_WARN_COMMA = YES;
				CLANG_WARN_CONSTANT_CONVERSION = YES;
				CLANG_WARN_DEPRECATED_OBJC_IMPLEMENTATIONS = YES;
				CLANG_WARN_DIRECT_OBJC_ISA_USAGE = YES_ERROR;
				CLANG_WARN_DOCUMENTATION_COMMENTS = YES;
				CLANG_WARN_EMPTY_BODY = YES;
				CLANG_WARN_ENUM_CONVERSION = YES;
				CLANG_WARN_INFINITE_RECURSION = YES;
				CLANG_WARN_INT_CONVERSION = YES;
				CLANG_WARN_NON_LITERAL_NULL_CONVERSION = YES;
				CLANG_WARN_OBJC_IMPLICIT_RETAIN_SELF = YES;
				CLANG_WARN_OBJC_LITERAL_CONVERSION = YES;
				CLANG_WARN_OBJC_ROOT_CLASS = YES_ERROR;
				CLANG_WARN_RANGE_LOOP_ANALYSIS = YES;
				CLANG_WARN_STRICT_PROTOTYPES = YES;
				CLANG_WARN_SUSPICIOUS_MOVE = YES;
				CLANG_WARN_UNGUARDED_AVAILABILITY = YES_AGGRESSIVE;
				CLANG_WARN_UNREACHABLE_CODE = YES;
				CLANG_WARN__DUPLICATE_METHOD_MATCH = YES;
				COPY_PHASE_STRIP = NO;
				DEBUG_INFORMATION_FORMAT = dwarf;
				ENABLE_STRICT_OBJC_MSGSEND = YES;
				ENABLE_TESTABILITY = YES;
				GCC_C_LANGUAGE_STANDARD = gnu11;
				GCC_DYNAMIC_NO_PIC = NO;
				GCC_NO_COMMON_BLOCKS = YES;
				GCC_OPTIMIZATION_LEVEL = 0;
				GCC_PREPROCESSOR_DEFINITIONS = (
					"DEBUG=1",
					"$(inherited)",
				);
				GCC_WARN_64_TO_32_BIT_CONVERSION = YES;
				GCC_WARN_ABOUT_RETURN_TYPE = YES_ERROR;
				GCC_WARN_UNDECLARED_SELECTOR = YES;
				GCC_WARN_UNINITIALIZED_AUTOS = YES_AGGRESSIVE;
				GCC_WARN_UNUSED_FUNCTION = YES;
				GCC_WARN_UNUSED_VARIABLE = YES;
				IPHONEOS_DEPLOYMENT_TARGET = 13.6;
				MTL_ENABLE_DEBUG_INFO = INCLUDE_SOURCE;
				MTL_FAST_MATH = YES;
				ONLY_ACTIVE_ARCH = YES;
				SDKROOT = iphoneos;
				SWIFT_ACTIVE_COMPILATION_CONDITIONS = DEBUG;
				SWIFT_OPTIMIZATION_LEVEL = "-Onone";
			};
			name = Debug;
		};
		EE65160725644CDA00013F86 /* Release */ = {
			isa = XCBuildConfiguration;
			buildSettings = {
				ALWAYS_SEARCH_USER_PATHS = NO;
				CLANG_ANALYZER_NONNULL = YES;
				CLANG_ANALYZER_NUMBER_OBJECT_CONVERSION = YES_AGGRESSIVE;
				CLANG_CXX_LANGUAGE_STANDARD = "gnu++14";
				CLANG_CXX_LIBRARY = "libc++";
				CLANG_ENABLE_MODULES = YES;
				CLANG_ENABLE_OBJC_ARC = YES;
				CLANG_ENABLE_OBJC_WEAK = YES;
				CLANG_WARN_BLOCK_CAPTURE_AUTORELEASING = YES;
				CLANG_WARN_BOOL_CONVERSION = YES;
				CLANG_WARN_COMMA = YES;
				CLANG_WARN_CONSTANT_CONVERSION = YES;
				CLANG_WARN_DEPRECATED_OBJC_IMPLEMENTATIONS = YES;
				CLANG_WARN_DIRECT_OBJC_ISA_USAGE = YES_ERROR;
				CLANG_WARN_DOCUMENTATION_COMMENTS = YES;
				CLANG_WARN_EMPTY_BODY = YES;
				CLANG_WARN_ENUM_CONVERSION = YES;
				CLANG_WARN_INFINITE_RECURSION = YES;
				CLANG_WARN_INT_CONVERSION = YES;
				CLANG_WARN_NON_LITERAL_NULL_CONVERSION = YES;
				CLANG_WARN_OBJC_IMPLICIT_RETAIN_SELF = YES;
				CLANG_WARN_OBJC_LITERAL_CONVERSION = YES;
				CLANG_WARN_OBJC_ROOT_CLASS = YES_ERROR;
				CLANG_WARN_RANGE_LOOP_ANALYSIS = YES;
				CLANG_WARN_STRICT_PROTOTYPES = YES;
				CLANG_WARN_SUSPICIOUS_MOVE = YES;
				CLANG_WARN_UNGUARDED_AVAILABILITY = YES_AGGRESSIVE;
				CLANG_WARN_UNREACHABLE_CODE = YES;
				CLANG_WARN__DUPLICATE_METHOD_MATCH = YES;
				COPY_PHASE_STRIP = NO;
				DEBUG_INFORMATION_FORMAT = "dwarf-with-dsym";
				ENABLE_NS_ASSERTIONS = NO;
				ENABLE_STRICT_OBJC_MSGSEND = YES;
				GCC_C_LANGUAGE_STANDARD = gnu11;
				GCC_NO_COMMON_BLOCKS = YES;
				GCC_WARN_64_TO_32_BIT_CONVERSION = YES;
				GCC_WARN_ABOUT_RETURN_TYPE = YES_ERROR;
				GCC_WARN_UNDECLARED_SELECTOR = YES;
				GCC_WARN_UNINITIALIZED_AUTOS = YES_AGGRESSIVE;
				GCC_WARN_UNUSED_FUNCTION = YES;
				GCC_WARN_UNUSED_VARIABLE = YES;
				IPHONEOS_DEPLOYMENT_TARGET = 13.6;
				MTL_ENABLE_DEBUG_INFO = NO;
				MTL_FAST_MATH = YES;
				SDKROOT = iphoneos;
				SWIFT_COMPILATION_MODE = wholemodule;
				SWIFT_OPTIMIZATION_LEVEL = "-O";
				VALIDATE_PRODUCT = YES;
			};
			name = Release;
		};
		EE65160925644CDA00013F86 /* Debug */ = {
			isa = XCBuildConfiguration;
			buildSettings = {
				ASSETCATALOG_COMPILER_APPICON_NAME = AppIcon;
				CODE_SIGN_STYLE = Automatic;
				DEVELOPMENT_ASSET_PATHS = "\"LandmarksTwo/Preview Content\"";
				DEVELOPMENT_TEAM = X4XKW9NXX6;
				ENABLE_PREVIEWS = YES;
				INFOPLIST_FILE = LandmarksTwo/Info.plist;
				LD_RUNPATH_SEARCH_PATHS = (
					"$(inherited)",
					"@executable_path/Frameworks",
				);
				PRODUCT_BUNDLE_IDENTIFIER = firsttwo.LandmarksTwo;
				PRODUCT_NAME = "$(TARGET_NAME)";
				SWIFT_VERSION = 5.0;
				TARGETED_DEVICE_FAMILY = "1,2";
			};
			name = Debug;
		};
		EE65160A25644CDA00013F86 /* Release */ = {
			isa = XCBuildConfiguration;
			buildSettings = {
				ASSETCATALOG_COMPILER_APPICON_NAME = AppIcon;
				CODE_SIGN_STYLE = Automatic;
				DEVELOPMENT_ASSET_PATHS = "\"LandmarksTwo/Preview Content\"";
				DEVELOPMENT_TEAM = X4XKW9NXX6;
				ENABLE_PREVIEWS = YES;
				INFOPLIST_FILE = LandmarksTwo/Info.plist;
				LD_RUNPATH_SEARCH_PATHS = (
					"$(inherited)",
					"@executable_path/Frameworks",
				);
				PRODUCT_BUNDLE_IDENTIFIER = firsttwo.LandmarksTwo;
				PRODUCT_NAME = "$(TARGET_NAME)";
				SWIFT_VERSION = 5.0;
				TARGETED_DEVICE_FAMILY = "1,2";
			};
			name = Release;
		};
/* End XCBuildConfiguration section */

/* Begin XCConfigurationList section */
		EE6515EF25644CD800013F86 /* Build configuration list for PBXProject "LandmarksTwo" */ = {
			isa = XCConfigurationList;
			buildConfigurations = (
				EE65160625644CDA00013F86 /* Debug */,
				EE65160725644CDA00013F86 /* Release */,
			);
			defaultConfigurationIsVisible = 0;
			defaultConfigurationName = Release;
		};
		EE65160825644CDA00013F86 /* Build configuration list for PBXNativeTarget "LandmarksTwo" */ = {
			isa = XCConfigurationList;
			buildConfigurations = (
				EE65160925644CDA00013F86 /* Debug */,
				EE65160A25644CDA00013F86 /* Release */,
			);
			defaultConfigurationIsVisible = 0;
			defaultConfigurationName = Release;
		};
/* End XCConfigurationList section */
	};
	rootObject = EE6515EC25644CD800013F86 /* Project object */;
}
