// !$*UTF8*$!
{
	archiveVersion = 1;
	classes = {
	};
	objectVersion = 50;
	objects = {

/* Begin PBXBuildFile section */
		EEBF6FBA25634025007973AC /* LandmarkRow.swift in Sources */ = {isa = PBXBuildFile; fileRef = EEBF6FB925634025007973AC /* LandmarkRow.swift */; };
		EEBF6FBC2563411A007973AC /* Landmark.swift in Sources */ = {isa = PBXBuildFile; fileRef = EEBF6FBB2563411A007973AC /* Landmark.swift */; };
		EEBF6FBE25634123007973AC /* Data.swift in Sources */ = {isa = PBXBuildFile; fileRef = EEBF6FBD25634123007973AC /* Data.swift */; };
		EEE4BA0525631F7700242471 /* AppDelegate.swift in Sources */ = {isa = PBXBuildFile; fileRef = EEE4BA0425631F7700242471 /* AppDelegate.swift */; };
		EEE4BA0725631F7700242471 /* SceneDelegate.swift in Sources */ = {isa = PBXBuildFile; fileRef = EEE4BA0625631F7700242471 /* SceneDelegate.swift */; };
		EEE4BA0925631F7700242471 /* ContentView.swift in Sources */ = {isa = PBXBuildFile; fileRef = EEE4BA0825631F7700242471 /* ContentView.swift */; };
		EEE4BA0B25631F7800242471 /* Assets.xcassets in Resources */ = {isa = PBXBuildFile; fileRef = EEE4BA0A25631F7800242471 /* Assets.xcassets */; };
		EEE4BA0E25631F7800242471 /* Preview Assets.xcassets in Resources */ = {isa = PBXBuildFile; fileRef = EEE4BA0D25631F7800242471 /* Preview Assets.xcassets */; };
		EEE4BA1125631F7800242471 /* LaunchScreen.storyboard in Resources */ = {isa = PBXBuildFile; fileRef = EEE4BA0F25631F7800242471 /* LaunchScreen.storyboard */; };
		EEE4BA19256320D000242471 /* CircleImage.swift in Sources */ = {isa = PBXBuildFile; fileRef = EEE4BA18256320D000242471 /* CircleImage.swift */; };
		EEE4BA1B25632BAE00242471 /* MapView.swift in Sources */ = {isa = PBXBuildFile; fileRef = EEE4BA1A25632BAE00242471 /* MapView.swift */; };
/* End PBXBuildFile section */

/* Begin PBXFileReference section */
		EEBF6FB925634025007973AC /* LandmarkRow.swift */ = {isa = PBXFileReference; lastKnownFileType = sourcecode.swift; path = LandmarkRow.swift; sourceTree = "<group>"; };
		EEBF6FBB2563411A007973AC /* Landmark.swift */ = {isa = PBXFileReference; lastKnownFileType = sourcecode.swift; path = Landmark.swift; sourceTree = "<group>"; };
		EEBF6FBD25634123007973AC /* Data.swift */ = {isa = PBXFileReference; lastKnownFileType = sourcecode.swift; path = Data.swift; sourceTree = "<group>"; };
		EEBF6FC02563412A007973AC /* turtlerock.jpg */ = {isa = PBXFileReference; lastKnownFileType = image.jpeg; path = turtlerock.jpg; sourceTree = "<group>"; };
		EEBF6FC12563412A007973AC /* silversalmoncreek.jpg */ = {isa = PBXFileReference; lastKnownFileType = image.jpeg; path = silversalmoncreek.jpg; sourceTree = "<group>"; };
		EEBF6FC22563412A007973AC /* icybay.jpg */ = {isa = PBXFileReference; lastKnownFileType = image.jpeg; path = icybay.jpg; sourceTree = "<group>"; };
		EEBF6FC32563412A007973AC /* lakemcdonald.jpg */ = {isa = PBXFileReference; lastKnownFileType = image.jpeg; path = lakemcdonald.jpg; sourceTree = "<group>"; };
		EEBF6FC42563412A007973AC /* hiddenlake.jpg */ = {isa = PBXFileReference; lastKnownFileType = image.jpeg; path = hiddenlake.jpg; sourceTree = "<group>"; };
		EEBF6FC52563412A007973AC /* twinlake.jpg */ = {isa = PBXFileReference; lastKnownFileType = image.jpeg; path = twinlake.jpg; sourceTree = "<group>"; };
		EEBF6FC62563412A007973AC /* umbagog.jpg */ = {isa = PBXFileReference; lastKnownFileType = image.jpeg; path = umbagog.jpg; sourceTree = "<group>"; };
		EEBF6FC72563412A007973AC /* landmarkData.json */ = {isa = PBXFileReference; lastKnownFileType = text.json; path = landmarkData.json; sourceTree = "<group>"; };
		EEBF6FC82563412A007973AC /* chincoteague.jpg */ = {isa = PBXFileReference; lastKnownFileType = image.jpeg; path = chincoteague.jpg; sourceTree = "<group>"; };
		EEBF6FC92563412A007973AC /* yukon_charleyrivers.jpg */ = {isa = PBXFileReference; lastKnownFileType = image.jpeg; path = yukon_charleyrivers.jpg; sourceTree = "<group>"; };
		EEBF6FCA2563412A007973AC /* stmarylake.jpg */ = {isa = PBXFileReference; lastKnownFileType = image.jpeg; path = stmarylake.jpg; sourceTree = "<group>"; };
		EEBF6FCB2563412A007973AC /* chilkoottrail.jpg */ = {isa = PBXFileReference; lastKnownFileType = image.jpeg; path = chilkoottrail.jpg; sourceTree = "<group>"; };
		EEBF6FCC2563412A007973AC /* rainbowlake.jpg */ = {isa = PBXFileReference; lastKnownFileType = image.jpeg; path = rainbowlake.jpg; sourceTree = "<group>"; };
		EEE4BA0125631F7700242471 /* Landmarks.app */ = {isa = PBXFileReference; explicitFileType = wrapper.application; includeInIndex = 0; path = Landmarks.app; sourceTree = BUILT_PRODUCTS_DIR; };
		EEE4BA0425631F7700242471 /* AppDelegate.swift */ = {isa = PBXFileReference; lastKnownFileType = sourcecode.swift; path = AppDelegate.swift; sourceTree = "<group>"; };
		EEE4BA0625631F7700242471 /* SceneDelegate.swift */ = {isa = PBXFileReference; lastKnownFileType = sourcecode.swift; path = SceneDelegate.swift; sourceTree = "<group>"; };
		EEE4BA0825631F7700242471 /* ContentView.swift */ = {isa = PBXFileReference; lastKnownFileType = sourcecode.swift; path = ContentView.swift; sourceTree = "<group>"; };
		EEE4BA0A25631F7800242471 /* Assets.xcassets */ = {isa = PBXFileReference; lastKnownFileType = folder.assetcatalog; path = Assets.xcassets; sourceTree = "<group>"; };
		EEE4BA0D25631F7800242471 /* Preview Assets.xcassets */ = {isa = PBXFileReference; lastKnownFileType = folder.assetcatalog; path = "Preview Assets.xcassets"; sourceTree = "<group>"; };
		EEE4BA1025631F7800242471 /* Base */ = {isa = PBXFileReference; lastKnownFileType = file.storyboard; name = Base; path = Base.lproj/LaunchScreen.storyboard; sourceTree = "<group>"; };
		EEE4BA1225631F7800242471 /* Info.plist */ = {isa = PBXFileReference; lastKnownFileType = text.plist.xml; path = Info.plist; sourceTree = "<group>"; };
		EEE4BA18256320D000242471 /* CircleImage.swift */ = {isa = PBXFileReference; lastKnownFileType = sourcecode.swift; path = CircleImage.swift; sourceTree = "<group>"; };
		EEE4BA1A25632BAE00242471 /* MapView.swift */ = {isa = PBXFileReference; lastKnownFileType = sourcecode.swift; path = MapView.swift; sourceTree = "<group>"; };
/* End PBXFileReference section */

/* Begin PBXFrameworksBuildPhase section */
		EEE4B9FE25631F7700242471 /* Frameworks */ = {
			isa = PBXFrameworksBuildPhase;
			buildActionMask = 2147483647;
			files = (
			);
			runOnlyForDeploymentPostprocessing = 0;
		};
/* End PBXFrameworksBuildPhase section */

/* Begin PBXGroup section */
		EEBF6FBF2563412A007973AC /* Resources */ = {
			isa = PBXGroup;
			children = (
				EEBF6FC02563412A007973AC /* turtlerock.jpg */,
				EEBF6FC12563412A007973AC /* silversalmoncreek.jpg */,
				EEBF6FC22563412A007973AC /* icybay.jpg */,
				EEBF6FC32563412A007973AC /* lakemcdonald.jpg */,
				EEBF6FC42563412A007973AC /* hiddenlake.jpg */,
				EEBF6FC52563412A007973AC /* twinlake.jpg */,
				EEBF6FC62563412A007973AC /* umbagog.jpg */,
				EEBF6FC72563412A007973AC /* landmarkData.json */,
				EEBF6FC82563412A007973AC /* chincoteague.jpg */,
				EEBF6FC92563412A007973AC /* yukon_charleyrivers.jpg */,
				EEBF6FCA2563412A007973AC /* stmarylake.jpg */,
				EEBF6FCB2563412A007973AC /* chilkoottrail.jpg */,
				EEBF6FCC2563412A007973AC /* rainbowlake.jpg */,
			);
			path = Resources;
			sourceTree = "<group>";
		};
		EEE4B9F825631F7700242471 = {
			isa = PBXGroup;
			children = (
				EEE4BA0325631F7700242471 /* Landmarks */,
				EEE4BA0225631F7700242471 /* Products */,
			);
			sourceTree = "<group>";
		};
		EEE4BA0225631F7700242471 /* Products */ = {
			isa = PBXGroup;
			children = (
				EEE4BA0125631F7700242471 /* Landmarks.app */,
			);
			name = Products;
			sourceTree = "<group>";
		};
		EEE4BA0325631F7700242471 /* Landmarks */ = {
			isa = PBXGroup;
			children = (
				EEE4BA0425631F7700242471 /* AppDelegate.swift */,
				EEE4BA0625631F7700242471 /* SceneDelegate.swift */,
				EEE4BA0825631F7700242471 /* ContentView.swift */,
				EEBF6FB925634025007973AC /* LandmarkRow.swift */,
				EEE4BA1A25632BAE00242471 /* MapView.swift */,
				EEE4BA18256320D000242471 /* CircleImage.swift */,
				EEBF6FBB2563411A007973AC /* Landmark.swift */,
				EEBF6FBD25634123007973AC /* Data.swift */,
				EEBF6FBF2563412A007973AC /* Resources */,
				EEE4BA0A25631F7800242471 /* Assets.xcassets */,
				EEE4BA0F25631F7800242471 /* LaunchScreen.storyboard */,
				EEE4BA1225631F7800242471 /* Info.plist */,
				EEE4BA0C25631F7800242471 /* Preview Content */,
			);
			path = Landmarks;
			sourceTree = "<group>";
		};
		EEE4BA0C25631F7800242471 /* Preview Content */ = {
			isa = PBXGroup;
			children = (
				EEE4BA0D25631F7800242471 /* Preview Assets.xcassets */,
			);
			path = "Preview Content";
			sourceTree = "<group>";
		};
/* End PBXGroup section */

/* Begin PBXNativeTarget section */
		EEE4BA0025631F7700242471 /* Landmarks */ = {
			isa = PBXNativeTarget;
			buildConfigurationList = EEE4BA1525631F7800242471 /* Build configuration list for PBXNativeTarget "Landmarks" */;
			buildPhases = (
				EEE4B9FD25631F7700242471 /* Sources */,
				EEE4B9FE25631F7700242471 /* Frameworks */,
				EEE4B9FF25631F7700242471 /* Resources */,
			);
			buildRules = (
			);
			dependencies = (
			);
			name = Landmarks;
			productName = Landmarks;
			productReference = EEE4BA0125631F7700242471 /* Landmarks.app */;
			productType = "com.apple.product-type.application";
		};
/* End PBXNativeTarget section */

/* Begin PBXProject section */
		EEE4B9F925631F7700242471 /* Project object */ = {
			isa = PBXProject;
			attributes = {
				LastSwiftUpdateCheck = 1160;
				LastUpgradeCheck = 1160;
				ORGANIZATIONNAME = "Алим Куприянов";
				TargetAttributes = {
					EEE4BA0025631F7700242471 = {
						CreatedOnToolsVersion = 11.6;
					};
				};
			};
			buildConfigurationList = EEE4B9FC25631F7700242471 /* Build configuration list for PBXProject "Landmarks" */;
			compatibilityVersion = "Xcode 9.3";
			developmentRegion = en;
			hasScannedForEncodings = 0;
			knownRegions = (
				en,
				Base,
			);
			mainGroup = EEE4B9F825631F7700242471;
			productRefGroup = EEE4BA0225631F7700242471 /* Products */;
			projectDirPath = "";
			projectRoot = "";
			targets = (
				EEE4BA0025631F7700242471 /* Landmarks */,
			);
		};
/* End PBXProject section */

/* Begin PBXResourcesBuildPhase section */
		EEE4B9FF25631F7700242471 /* Resources */ = {
			isa = PBXResourcesBuildPhase;
			buildActionMask = 2147483647;
			files = (
				EEE4BA1125631F7800242471 /* LaunchScreen.storyboard in Resources */,
				EEE4BA0E25631F7800242471 /* Preview Assets.xcassets in Resources */,
				EEE4BA0B25631F7800242471 /* Assets.xcassets in Resources */,
			);
			runOnlyForDeploymentPostprocessing = 0;
		};
/* End PBXResourcesBuildPhase section */

/* Begin PBXSourcesBuildPhase section */
		EEE4B9FD25631F7700242471 /* Sources */ = {
			isa = PBXSourcesBuildPhase;
			buildActionMask = 2147483647;
			files = (
				EEBF6FBC2563411A007973AC /* Landmark.swift in Sources */,
				EEE4BA0525631F7700242471 /* AppDelegate.swift in Sources */,
				EEE4BA19256320D000242471 /* CircleImage.swift in Sources */,
				EEBF6FBA25634025007973AC /* LandmarkRow.swift in Sources */,
				EEE4BA1B25632BAE00242471 /* MapView.swift in Sources */,
				EEE4BA0725631F7700242471 /* SceneDelegate.swift in Sources */,
				EEE4BA0925631F7700242471 /* ContentView.swift in Sources */,
				EEBF6FBE25634123007973AC /* Data.swift in Sources */,
			);
			runOnlyForDeploymentPostprocessing = 0;
		};
/* End PBXSourcesBuildPhase section */

/* Begin PBXVariantGroup section */
		EEE4BA0F25631F7800242471 /* LaunchScreen.storyboard */ = {
			isa = PBXVariantGroup;
			children = (
				EEE4BA1025631F7800242471 /* Base */,
			);
			name = LaunchScreen.storyboard;
			sourceTree = "<group>";
		};
/* End PBXVariantGroup section */

/* Begin XCBuildConfiguration section */
		EEE4BA1325631F7800242471 /* Debug */ = {
			isa = XCBuildConfiguration;
			buildSettings = {
				ALWAYS_SEARCH_USER_PATHS = NO;
				CLANG_ANALYZER_NONNULL = YES;
				CLANG_ANALYZER_NUMBER_OBJECT_CONVERSION = YES_AGGRESSIVE;
				CLANG_CXX_LANGUAGE_STANDARD = "gnu++14";
				CLANG_CXX_LIBRARY = "libc++";
				CLANG_ENABLE_MODULES = YES;
				CLANG_ENABLE_OBJC_ARC = YES;
				CLANG_ENABLE_OBJC_WEAK = YES;
				CLANG_WARN_BLOCK_CAPTURE_AUTORELEASING = YES;
				CLANG_WARN_BOOL_CONVERSION = YES;
				CLANG_WARN_COMMA = YES;
				CLANG_WARN_CONSTANT_CONVERSION = YES;
				CLANG_WARN_DEPRECATED_OBJC_IMPLEMENTATIONS = YES;
				CLANG_WARN_DIRECT_OBJC_ISA_USAGE = YES_ERROR;
				CLANG_WARN_DOCUMENTATION_COMMENTS = YES;
				CLANG_WARN_EMPTY_BODY = YES;
				CLANG_WARN_ENUM_CONVERSION = YES;
				CLANG_WARN_INFINITE_RECURSION = YES;
				CLANG_WARN_INT_CONVERSION = YES;
				CLANG_WARN_NON_LITERAL_NULL_CONVERSION = YES;
				CLANG_WARN_OBJC_IMPLICIT_RETAIN_SELF = YES;
				CLANG_WARN_OBJC_LITERAL_CONVERSION = YES;
				CLANG_WARN_OBJC_ROOT_CLASS = YES_ERROR;
				CLANG_WARN_RANGE_LOOP_ANALYSIS = YES;
				CLANG_WARN_STRICT_PROTOTYPES = YES;
				CLANG_WARN_SUSPICIOUS_MOVE = YES;
				CLANG_WARN_UNGUARDED_AVAILABILITY = YES_AGGRESSIVE;
				CLANG_WARN_UNREACHABLE_CODE = YES;
				CLANG_WARN__DUPLICATE_METHOD_MATCH = YES;
				COPY_PHASE_STRIP = NO;
				DEBUG_INFORMATION_FORMAT = dwarf;
				ENABLE_STRICT_OBJC_MSGSEND = YES;
				ENABLE_TESTABILITY = YES;
				GCC_C_LANGUAGE_STANDARD = gnu11;
				GCC_DYNAMIC_NO_PIC = NO;
				GCC_NO_COMMON_BLOCKS = YES;
				GCC_OPTIMIZATION_LEVEL = 0;
				GCC_PREPROCESSOR_DEFINITIONS = (
					"DEBUG=1",
					"$(inherited)",
				);
				GCC_WARN_64_TO_32_BIT_CONVERSION = YES;
				GCC_WARN_ABOUT_RETURN_TYPE = YES_ERROR;
				GCC_WARN_UNDECLARED_SELECTOR = YES;
				GCC_WARN_UNINITIALIZED_AUTOS = YES_AGGRESSIVE;
				GCC_WARN_UNUSED_FUNCTION = YES;
				GCC_WARN_UNUSED_VARIABLE = YES;
				IPHONEOS_DEPLOYMENT_TARGET = 13.6;
				MTL_ENABLE_DEBUG_INFO = INCLUDE_SOURCE;
				MTL_FAST_MATH = YES;
				ONLY_ACTIVE_ARCH = YES;
				SDKROOT = iphoneos;
				SWIFT_ACTIVE_COMPILATION_CONDITIONS = DEBUG;
				SWIFT_OPTIMIZATION_LEVEL = "-Onone";
			};
			name = Debug;
		};
		EEE4BA1425631F7800242471 /* Release */ = {
			isa = XCBuildConfiguration;
			buildSettings = {
				ALWAYS_SEARCH_USER_PATHS = NO;
				CLANG_ANALYZER_NONNULL = YES;
				CLANG_ANALYZER_NUMBER_OBJECT_CONVERSION = YES_AGGRESSIVE;
				CLANG_CXX_LANGUAGE_STANDARD = "gnu++14";
				CLANG_CXX_LIBRARY = "libc++";
				CLANG_ENABLE_MODULES = YES;
				CLANG_ENABLE_OBJC_ARC = YES;
				CLANG_ENABLE_OBJC_WEAK = YES;
				CLANG_WARN_BLOCK_CAPTURE_AUTORELEASING = YES;
				CLANG_WARN_BOOL_CONVERSION = YES;
				CLANG_WARN_COMMA = YES;
				CLANG_WARN_CONSTANT_CONVERSION = YES;
				CLANG_WARN_DEPRECATED_OBJC_IMPLEMENTATIONS = YES;
				CLANG_WARN_DIRECT_OBJC_ISA_USAGE = YES_ERROR;
				CLANG_WARN_DOCUMENTATION_COMMENTS = YES;
				CLANG_WARN_EMPTY_BODY = YES;
				CLANG_WARN_ENUM_CONVERSION = YES;
				CLANG_WARN_INFINITE_RECURSION = YES;
				CLANG_WARN_INT_CONVERSION = YES;
				CLANG_WARN_NON_LITERAL_NULL_CONVERSION = YES;
				CLANG_WARN_OBJC_IMPLICIT_RETAIN_SELF = YES;
				CLANG_WARN_OBJC_LITERAL_CONVERSION = YES;
				CLANG_WARN_OBJC_ROOT_CLASS = YES_ERROR;
				CLANG_WARN_RANGE_LOOP_ANALYSIS = YES;
				CLANG_WARN_STRICT_PROTOTYPES = YES;
				CLANG_WARN_SUSPICIOUS_MOVE = YES;
				CLANG_WARN_UNGUARDED_AVAILABILITY = YES_AGGRESSIVE;
				CLANG_WARN_UNREACHABLE_CODE = YES;
				CLANG_WARN__DUPLICATE_METHOD_MATCH = YES;
				COPY_PHASE_STRIP = NO;
				DEBUG_INFORMATION_FORMAT = "dwarf-with-dsym";
				ENABLE_NS_ASSERTIONS = NO;
				ENABLE_STRICT_OBJC_MSGSEND = YES;
				GCC_C_LANGUAGE_STANDARD = gnu11;
				GCC_NO_COMMON_BLOCKS = YES;
				GCC_WARN_64_TO_32_BIT_CONVERSION = YES;
				GCC_WARN_ABOUT_RETURN_TYPE = YES_ERROR;
				GCC_WARN_UNDECLARED_SELECTOR = YES;
				GCC_WARN_UNINITIALIZED_AUTOS = YES_AGGRESSIVE;
				GCC_WARN_UNUSED_FUNCTION = YES;
				GCC_WARN_UNUSED_VARIABLE = YES;
				IPHONEOS_DEPLOYMENT_TARGET = 13.6;
				MTL_ENABLE_DEBUG_INFO = NO;
				MTL_FAST_MATH = YES;
				SDKROOT = iphoneos;
				SWIFT_COMPILATION_MODE = wholemodule;
				SWIFT_OPTIMIZATION_LEVEL = "-O";
				VALIDATE_PRODUCT = YES;
			};
			name = Release;
		};
		EEE4BA1625631F7800242471 /* Debug */ = {
			isa = XCBuildConfiguration;
			buildSettings = {
				ASSETCATALOG_COMPILER_APPICON_NAME = AppIcon;
				CODE_SIGN_STYLE = Automatic;
				DEVELOPMENT_ASSET_PATHS = "\"Landmarks/Preview Content\"";
				DEVELOPMENT_TEAM = X4XKW9NXX6;
				ENABLE_PREVIEWS = YES;
				INFOPLIST_FILE = Landmarks/Info.plist;
				LD_RUNPATH_SEARCH_PATHS = (
					"$(inherited)",
					"@executable_path/Frameworks",
				);
				PRODUCT_BUNDLE_IDENTIFIER = firsttwo.Landmarks;
				PRODUCT_NAME = "$(TARGET_NAME)";
				SWIFT_VERSION = 5.0;
				TARGETED_DEVICE_FAMILY = "1,2";
			};
			name = Debug;
		};
		EEE4BA1725631F7800242471 /* Release */ = {
			isa = XCBuildConfiguration;
			buildSettings = {
				ASSETCATALOG_COMPILER_APPICON_NAME = AppIcon;
				CODE_SIGN_STYLE = Automatic;
				DEVELOPMENT_ASSET_PATHS = "\"Landmarks/Preview Content\"";
				DEVELOPMENT_TEAM = X4XKW9NXX6;
				ENABLE_PREVIEWS = YES;
				INFOPLIST_FILE = Landmarks/Info.plist;
				LD_RUNPATH_SEARCH_PATHS = (
					"$(inherited)",
					"@executable_path/Frameworks",
				);
				PRODUCT_BUNDLE_IDENTIFIER = firsttwo.Landmarks;
				PRODUCT_NAME = "$(TARGET_NAME)";
				SWIFT_VERSION = 5.0;
				TARGETED_DEVICE_FAMILY = "1,2";
			};
			name = Release;
		};
/* End XCBuildConfiguration section */

/* Begin XCConfigurationList section */
		EEE4B9FC25631F7700242471 /* Build configuration list for PBXProject "Landmarks" */ = {
			isa = XCConfigurationList;
			buildConfigurations = (
				EEE4BA1325631F7800242471 /* Debug */,
				EEE4BA1425631F7800242471 /* Release */,
			);
			defaultConfigurationIsVisible = 0;
			defaultConfigurationName = Release;
		};
		EEE4BA1525631F7800242471 /* Build configuration list for PBXNativeTarget "Landmarks" */ = {
			isa = XCConfigurationList;
			buildConfigurations = (
				EEE4BA1625631F7800242471 /* Debug */,
				EEE4BA1725631F7800242471 /* Release */,
			);
			defaultConfigurationIsVisible = 0;
			defaultConfigurationName = Release;
		};
/* End XCConfigurationList section */
	};
	rootObject = EEE4B9F925631F7700242471 /* Project object */;
}
